{
    "requires": true,
    "lockfileVersion": 1,
    "dependencies": {
        "@chenfengyuan/vue-number-input": {
            "version": "1.2.1",
            "resolved": "https://registry.npmjs.org/@chenfengyuan/vue-number-input/-/vue-number-input-1.2.1.tgz",
            "integrity": "sha512-MNiA2KThxP6YtskBrw/31Qv6ul/TMhC5hn1W4Lb0XLcln8VPZpHFuWSq6EoHlvqwdBWKcc3Fqv4dVB14dhE/Hw=="
        },
        "@fortawesome/fontawesome-common-types": {
            "version": "6.1.0",
            "resolved": "https://registry.npmjs.org/@fortawesome/fontawesome-common-types/-/fontawesome-common-types-6.1.0.tgz",
            "integrity": "sha512-lFIJ5opxOKG9q88xOsuJJAdRZ+2WRldsZwUR/7MJoOMUMhF/LkHUjwWACIEPTa5Wo6uTDHvGRIX+XutdN7zYxA=="
        },
        "@fortawesome/fontawesome-free": {
            "version": "6.1.0",
            "resolved": "https://registry.npmjs.org/@fortawesome/fontawesome-free/-/fontawesome-free-6.1.0.tgz",
            "integrity": "sha512-OgM74M6+Q7BuKAj8r+VfzwjnIGZrY62R4ipbiDvBW4FA0mLnB3yeuV/2bW63j+zppGyTvBp/3jqXp9ZXy43nFw==",
            "dev": true
        },
        "@fortawesome/free-regular-svg-icons": {
            "version": "6.1.0",
            "resolved": "https://registry.npmjs.org/@fortawesome/free-regular-svg-icons/-/free-regular-svg-icons-6.1.0.tgz",
            "integrity": "sha512-MLSBZ3AprHZXVG6zVg9Jd/mGZrlX/1jxqQsHhvZuhdRdL9bZQyXHe5RmP0n4IOth/fdnoj3fs+EnbW/O+0K4dw==",
            "requires": {
                "@fortawesome/fontawesome-common-types": "6.1.0"
            }
        },
        "@fortawesome/free-solid-svg-icons": {
            "version": "6.1.0",
            "resolved": "https://registry.npmjs.org/@fortawesome/free-solid-svg-icons/-/free-solid-svg-icons-6.1.0.tgz",
            "integrity": "sha512-OOr0jRHl5d41RzBS3sZh5Z3HmdPjMr43PxxKlYeLtQxFSixPf4sJFVM12/rTepB2m0rVShI0vtjHQmzOTlBaXg==",
            "requires": {
                "@fortawesome/fontawesome-common-types": "6.1.0"
            }
        },
        "@popperjs/core": {
            "version": "2.11.4",
            "resolved": "https://registry.npmjs.org/@popperjs/core/-/core-2.11.4.tgz",
            "integrity": "sha512-q/ytXxO5NKvyT37pmisQAItCFqA7FD/vNb8dgaJy3/630Fsc+Mz9/9f2SziBoIZ30TJooXyTwZmhi1zjXmObYg==",
            "dev": true
        },
        "@vue/component-compiler-utils": {
            "version": "3.3.0",
            "resolved": "https://registry.npmjs.org/@vue/component-compiler-utils/-/component-compiler-utils-3.3.0.tgz",
            "integrity": "sha512-97sfH2mYNU+2PzGrmK2haqffDpVASuib9/w2/noxiFi31Z54hW+q3izKQXXQZSNhtiUpAI36uSuYepeBe4wpHQ==",
            "dev": true,
            "requires": {
                "consolidate": "^0.15.1",
                "hash-sum": "^1.0.2",
                "lru-cache": "^4.1.2",
                "merge-source-map": "^1.1.0",
                "postcss": "^7.0.36",
                "postcss-selector-parser": "^6.0.2",
                "prettier": "^1.18.2 || ^2.0.0",
                "source-map": "~0.6.1",
                "vue-template-es2015-compiler": "^1.9.0"
            },
            "dependencies": {
                "lru-cache": {
                    "version": "4.1.5",
                    "resolved": "https://registry.npmjs.org/lru-cache/-/lru-cache-4.1.5.tgz",
                    "integrity": "sha512-sWZlbEP2OsHNkXrMl5GYk/jKk70MBng6UU4YI/qGDYbgf6YbP4EvmqISbXCoJiRKs+1bSpFHVgQxvJ17F2li5g==",
                    "dev": true,
                    "requires": {
                        "pseudomap": "^1.0.2",
                        "yallist": "^2.1.2"
                    }
                },
                "picocolors": {
                    "version": "0.2.1",
                    "resolved": "https://registry.npmjs.org/picocolors/-/picocolors-0.2.1.tgz",
                    "integrity": "sha512-cMlDqaLEqfSaW8Z7N5Jw+lyIW869EzT73/F5lhtY9cLGoVxSXznfgfXMO0Z5K0o0Q2TkTXq+0KFsdnSe3jDViA==",
                    "dev": true
                },
                "postcss": {
                    "version": "7.0.39",
                    "resolved": "https://registry.npmjs.org/postcss/-/postcss-7.0.39.tgz",
                    "integrity": "sha512-yioayjNbHn6z1/Bywyb2Y4s3yvDAeXGOyxqD+LnVOinq6Mdmd++SW2wUNVzavyyHxd6+DxzWGIuosg6P1Rj8uA==",
                    "dev": true,
                    "requires": {
                        "picocolors": "^0.2.1",
                        "source-map": "^0.6.1"
                    }
                },
                "source-map": {
                    "version": "0.6.1",
                    "resolved": "https://registry.npmjs.org/source-map/-/source-map-0.6.1.tgz",
                    "integrity": "sha512-UjgapumWlbMhkBgzT7Ykc5YXUT46F0iKu8SGXq0bcwP5dz/h0Plj6enJqjz1Zbq2l5WaqYnrVbwWOWMyF3F47g==",
                    "dev": true
                },
                "yallist": {
                    "version": "2.1.2",
                    "resolved": "https://registry.npmjs.org/yallist/-/yallist-2.1.2.tgz",
                    "integrity": "sha1-HBH5IY8HYImkfdUS+TxmmaaoHVI=",
                    "dev": true
                }
            }
        },
        "adjust-sourcemap-loader": {
            "version": "4.0.0",
            "resolved": "https://registry.npmjs.org/adjust-sourcemap-loader/-/adjust-sourcemap-loader-4.0.0.tgz",
            "integrity": "sha512-OXwN5b9pCUXNQHJpwwD2qP40byEmSgzj8B4ydSN0uMNYWiFmJ6x6KwUllMmfk8Rwu/HJDFR7U8ubsWBoN0Xp0A==",
            "dev": true,
            "requires": {
                "loader-utils": "^2.0.0",
                "regex-parser": "^2.2.11"
            },
            "dependencies": {
                "loader-utils": {
                    "version": "2.0.2",
                    "resolved": "https://registry.npmjs.org/loader-utils/-/loader-utils-2.0.2.tgz",
                    "integrity": "sha512-TM57VeHptv569d/GKh6TAYdzKblwDNiumOdkFnejjD0XwTH87K90w3O7AiJRqdQoXygvi1VQTJTLGhJl7WqA7A==",
                    "dev": true,
                    "requires": {
                        "big.js": "^5.2.2",
                        "emojis-list": "^3.0.0",
                        "json5": "^2.1.2"
                    }
                }
            }
        },
        "anymatch": {
            "version": "3.1.2",
            "resolved": "https://registry.npmjs.org/anymatch/-/anymatch-3.1.2.tgz",
            "integrity": "sha512-P43ePfOAIupkguHUycrc4qJ9kz8ZiuOUijaETwX7THt0Y/GNK7v0aa8rY816xWjZ7rJdA5XdMcpVFTKMq+RvWg==",
            "dev": true,
            "requires": {
                "normalize-path": "^3.0.0",
                "picomatch": "^2.0.4"
            }
        },
        "axios": {
            "version": "0.25.0",
            "resolved": "https://registry.npmjs.org/axios/-/axios-0.25.0.tgz",
            "integrity": "sha512-cD8FOb0tRH3uuEe6+evtAbgJtfxr7ly3fQjYcMcuPlgkwVS9xboaVIpcDV+cYQe+yGykgwZCs1pzjntcGa6l5g==",
            "dev": true,
            "requires": {
                "follow-redirects": "^1.14.7"
            }
        },
        "big.js": {
            "version": "5.2.2",
            "resolved": "https://registry.npmjs.org/big.js/-/big.js-5.2.2.tgz",
            "integrity": "sha512-vyL2OymJxmarO8gxMr0mhChsO9QGwhynfuu4+MHTAW6czfq9humCB7rKpUjDd9YUiDPU4mzpyupFSvOClAwbmQ==",
            "dev": true
        },
        "binary-extensions": {
            "version": "2.2.0",
            "resolved": "https://registry.npmjs.org/binary-extensions/-/binary-extensions-2.2.0.tgz",
            "integrity": "sha512-jDctJ/IVQbZoJykoeHbhXpOlNBqGNcwXJKJog42E5HDPUwQTSdjCHdihjj0DlnheQ7blbT6dHOafNAiS8ooQKA==",
            "dev": true
        },
        "bluebird": {
            "version": "3.7.2",
            "resolved": "https://registry.npmjs.org/bluebird/-/bluebird-3.7.2.tgz",
            "integrity": "sha512-XpNj6GDQzdfW+r2Wnn7xiSAd7TM3jzkxGXBGTtWKuSXv1xUV+azxAm8jdWZN06QTQk+2N2XB9jRDkvbmQmcRtg==",
            "dev": true
        },
        "bootstrap": {
            "version": "5.1.3",
            "resolved": "https://registry.npmjs.org/bootstrap/-/bootstrap-5.1.3.tgz",
            "integrity": "sha512-fcQztozJ8jToQWXxVuEyXWW+dSo8AiXWKwiSSrKWsRB/Qt+Ewwza+JWoLKiTuQLaEPhdNAJ7+Dosc9DOIqNy7Q==",
            "dev": true
        },
        "braces": {
            "version": "3.0.2",
            "resolved": "https://registry.npmjs.org/braces/-/braces-3.0.2.tgz",
            "integrity": "sha512-b8um+L1RzM3WDSzvhm6gIz1yfTbBt6YTlcEKAvsmqCZZFw46z626lVj9j1yEPW33H5H+lBQpZMP1k8l+78Ha0A==",
            "dev": true,
            "requires": {
                "fill-range": "^7.0.1"
            }
        },
        "call-bind": {
            "version": "1.0.2",
            "resolved": "https://registry.npmjs.org/call-bind/-/call-bind-1.0.2.tgz",
            "integrity": "sha512-7O+FbCihrB5WGbFYesctwmTKae6rOiIzmz1icreWJ+0aA7LJfuqhEso2T9ncpcFtzMQtzXf2QGGueWJGTYsqrA==",
            "requires": {
                "function-bind": "^1.1.1",
                "get-intrinsic": "^1.0.2"
            }
        },
        "chokidar": {
            "version": "3.5.3",
            "resolved": "https://registry.npmjs.org/chokidar/-/chokidar-3.5.3.tgz",
            "integrity": "sha512-Dr3sfKRP6oTcjf2JmUmFJfeVMvXBdegxB0iVQ5eb2V10uFJUCAS8OByZdVAyVb8xXNz3GjjTgj9kLWsZTqE6kw==",
            "dev": true,
            "requires": {
                "anymatch": "~3.1.2",
                "braces": "~3.0.2",
                "fsevents": "~2.3.2",
                "glob-parent": "~5.1.2",
                "is-binary-path": "~2.1.0",
                "is-glob": "~4.0.1",
                "normalize-path": "~3.0.0",
                "readdirp": "~3.6.0"
            }
        },
        "clone": {
            "version": "2.1.2",
            "resolved": "https://registry.npmjs.org/clone/-/clone-2.1.2.tgz",
            "integrity": "sha1-G39Ln1kfHo+DZwQBYANFoCiHQ18="
        },
        "consolidate": {
            "version": "0.15.1",
            "resolved": "https://registry.npmjs.org/consolidate/-/consolidate-0.15.1.tgz",
            "integrity": "sha512-DW46nrsMJgy9kqAbPt5rKaCr7uFtpo4mSUvLHIUbJEjm0vo+aY5QLwBUq3FK4tRnJr/X0Psc0C4jf/h+HtXSMw==",
            "dev": true,
            "requires": {
                "bluebird": "^3.1.1"
            }
        },
        "convert-source-map": {
            "version": "1.8.0",
            "resolved": "https://registry.npmjs.org/convert-source-map/-/convert-source-map-1.8.0.tgz",
            "integrity": "sha512-+OQdjP49zViI/6i7nIJpA8rAl4sV/JdPfU9nZs3VqOwGIgizICvuN2ru6fMd+4llL0tar18UYJXfZ/TWtmhUjA==",
            "dev": true,
            "requires": {
                "safe-buffer": "~5.1.1"
            }
        },
        "cssesc": {
            "version": "3.0.0",
            "resolved": "https://registry.npmjs.org/cssesc/-/cssesc-3.0.0.tgz",
            "integrity": "sha512-/Tb/JcjK111nNScGob5MNtsntNM1aCNUDipB/TkwZFhyDrrE47SOx/18wF2bbjgc3ZzCSKW1T5nt5EbFoAz/Vg==",
            "dev": true
        },
        "de-indent": {
            "version": "1.0.2",
            "resolved": "https://registry.npmjs.org/de-indent/-/de-indent-1.0.2.tgz",
            "integrity": "sha1-sgOOhG3DO6pXlhKNCAS0VbjB4h0=",
            "dev": true
        },
        "deep-equal": {
            "version": "1.1.1",
            "resolved": "https://registry.npmjs.org/deep-equal/-/deep-equal-1.1.1.tgz",
            "integrity": "sha512-yd9c5AdiqVcR+JjcwUQb9DkhJc8ngNr0MahEBGvDiJw8puWab2yZlh+nkasOnZP+EGTAP6rRp2JzJhJZzvNF8g==",
            "requires": {
                "is-arguments": "^1.0.4",
                "is-date-object": "^1.0.1",
                "is-regex": "^1.0.4",
                "object-is": "^1.0.1",
                "object-keys": "^1.1.1",
                "regexp.prototype.flags": "^1.2.0"
            }
        },
        "define-properties": {
            "version": "1.1.3",
            "resolved": "https://registry.npmjs.org/define-properties/-/define-properties-1.1.3.tgz",
            "integrity": "sha512-3MqfYKj2lLzdMSf8ZIZE/V+Zuy+BgD6f164e8K2w7dgnpKArBDerGYpM46IYYcjnkdPNMjPk9A6VFB8+3SKlXQ==",
            "requires": {
                "object-keys": "^1.0.12"
            }
        },
        "emojis-list": {
            "version": "3.0.0",
            "resolved": "https://registry.npmjs.org/emojis-list/-/emojis-list-3.0.0.tgz",
            "integrity": "sha512-/kyM18EfinwXZbno9FyUGeFh87KC8HRQBQGildHZbEuRyWFOmv1U10o9BBp8XVZDVNNuQKyIGIu5ZYAAXJ0V2Q==",
            "dev": true
        },
        "extend": {
            "version": "3.0.2",
            "resolved": "https://registry.npmjs.org/extend/-/extend-3.0.2.tgz",
            "integrity": "sha512-fjquC59cD7CyW6urNXK0FBufkZcoiGG80wTuPujX590cB5Ttln20E2UB4S/WARVqhXffZl2LNgS+gQdPIIim/g=="
        },
        "fast-diff": {
            "version": "1.1.2",
            "resolved": "https://registry.npmjs.org/fast-diff/-/fast-diff-1.1.2.tgz",
            "integrity": "sha512-KaJUt+M9t1qaIteSvjc6P3RbMdXsNhK61GRftR6SNxqmhthcd9MGIi4T+o0jD8LUSpSnSKXE20nLtJ3fOHxQig=="
        },
        "fill-range": {
            "version": "7.0.1",
            "resolved": "https://registry.npmjs.org/fill-range/-/fill-range-7.0.1.tgz",
            "integrity": "sha512-qOo9F+dMUmC2Lcb4BbVvnKJxTPjCm+RRpe4gDuGrzkL7mEVl/djYSu2OdQ2Pa302N4oqkSg9ir6jaLWJ2USVpQ==",
            "dev": true,
            "requires": {
                "to-regex-range": "^5.0.1"
            }
        },
        "follow-redirects": {
            "version": "1.14.9",
            "resolved": "https://registry.npmjs.org/follow-redirects/-/follow-redirects-1.14.9.tgz",
            "integrity": "sha512-MQDfihBQYMcyy5dhRDJUHcw7lb2Pv/TuE6xP1vyraLukNDHKbDxDNaOE3NbCAdKQApno+GPRyo1YAp89yCjK4w==",
            "dev": true
        },
        "fsevents": {
            "version": "2.3.2",
            "resolved": "https://registry.npmjs.org/fsevents/-/fsevents-2.3.2.tgz",
            "integrity": "sha512-xiqMQR4xAeHTuB9uWm+fFRcIOgKBMiOBP+eXiyT7jsgVCq1bkVygt00oASowB7EdtpOHaaPgKt812P9ab+DDKA==",
            "dev": true,
            "optional": true
        },
        "function-bind": {
            "version": "1.1.1",
            "resolved": "https://registry.npmjs.org/function-bind/-/function-bind-1.1.1.tgz",
            "integrity": "sha512-yIovAzMX49sF8Yl58fSCWJ5svSLuaibPxXQJFLmBObTuCr0Mf1KiPopGM9NiFjiYBCbfaa2Fh6breQ6ANVTI0A=="
        },
        "get-intrinsic": {
            "version": "1.1.1",
            "resolved": "https://registry.npmjs.org/get-intrinsic/-/get-intrinsic-1.1.1.tgz",
            "integrity": "sha512-kWZrnVM42QCiEA2Ig1bG8zjoIMOgxWwYCEeNdwY6Tv/cOSeGpcoX4pXHfKUxNKVoArnrEr2e9srnAxxGIraS9Q==",
            "requires": {
                "function-bind": "^1.1.1",
                "has": "^1.0.3",
                "has-symbols": "^1.0.1"
            }
        },
        "glob-parent": {
            "version": "5.1.2",
            "resolved": "https://registry.npmjs.org/glob-parent/-/glob-parent-5.1.2.tgz",
            "integrity": "sha512-AOIgSQCepiJYwP3ARnGx+5VnTu2HBYdzbGP45eLw1vr3zB3vZLeyed1sC9hnbcOc9/SrMyM5RPQrkGz4aS9Zow==",
            "dev": true,
            "requires": {
                "is-glob": "^4.0.1"
            }
        },
        "has": {
            "version": "1.0.3",
            "resolved": "https://registry.npmjs.org/has/-/has-1.0.3.tgz",
            "integrity": "sha512-f2dvO0VU6Oej7RkWJGrehjbzMAjFp5/VKPp5tTpWIV4JHHZK1/BxbFRtf/siA2SWTe09caDmVtYYzWEIbBS4zw==",
            "requires": {
                "function-bind": "^1.1.1"
            }
        },
        "has-symbols": {
            "version": "1.0.3",
            "resolved": "https://registry.npmjs.org/has-symbols/-/has-symbols-1.0.3.tgz",
            "integrity": "sha512-l3LCuF6MgDNwTDKkdYGEihYjt5pRPbEg46rtlmnSPlUbgmB8LOIrKJbYYFBSbnPaJexMKtiPO8hmeRjRz2Td+A=="
        },
        "has-tostringtag": {
            "version": "1.0.0",
            "resolved": "https://registry.npmjs.org/has-tostringtag/-/has-tostringtag-1.0.0.tgz",
            "integrity": "sha512-kFjcSNhnlGV1kyoGk7OXKSawH5JOb/LzUc5w9B02hOTO0dfFRjbHQKvg1d6cf3HbeUmtU9VbbV3qzZ2Teh97WQ==",
            "requires": {
                "has-symbols": "^1.0.2"
            }
        },
        "hash-sum": {
            "version": "1.0.2",
            "resolved": "https://registry.npmjs.org/hash-sum/-/hash-sum-1.0.2.tgz",
            "integrity": "sha1-M7QHd3VMZDJXPBIMw4CLvRDUfwQ=",
            "dev": true
        },
        "he": {
            "version": "1.2.0",
            "resolved": "https://registry.npmjs.org/he/-/he-1.2.0.tgz",
            "integrity": "sha512-F/1DnUGPopORZi0ni+CvrCgHQ5FyEAHRLSApuYWMmrbSwoN2Mn/7k+Gl38gJnR7yyDZk6WLXwiGod1JOWNDKGw==",
            "dev": true
        },
        "immutable": {
            "version": "4.0.0",
            "resolved": "https://registry.npmjs.org/immutable/-/immutable-4.0.0.tgz",
            "integrity": "sha512-zIE9hX70qew5qTUjSS7wi1iwj/l7+m54KWU247nhM3v806UdGj1yDndXj+IOYxxtW9zyLI+xqFNZjTuDaLUqFw==",
            "dev": true
        },
        "is-arguments": {
            "version": "1.1.1",
            "resolved": "https://registry.npmjs.org/is-arguments/-/is-arguments-1.1.1.tgz",
            "integrity": "sha512-8Q7EARjzEnKpt/PCD7e1cgUS0a6X8u5tdSiMqXhojOdoV9TsMsiO+9VLC5vAmO8N7/GmXn7yjR8qnA6bVAEzfA==",
            "requires": {
                "call-bind": "^1.0.2",
                "has-tostringtag": "^1.0.0"
            }
        },
        "is-binary-path": {
            "version": "2.1.0",
            "resolved": "https://registry.npmjs.org/is-binary-path/-/is-binary-path-2.1.0.tgz",
            "integrity": "sha512-ZMERYes6pDydyuGidse7OsHxtbI7WVeUEozgR/g7rd0xUimYNlvZRE/K2MgZTjWy725IfelLeVcEM97mmtRGXw==",
            "dev": true,
            "requires": {
                "binary-extensions": "^2.0.0"
            }
        },
        "is-date-object": {
            "version": "1.0.5",
            "resolved": "https://registry.npmjs.org/is-date-object/-/is-date-object-1.0.5.tgz",
            "integrity": "sha512-9YQaSxsAiSwcvS33MBk3wTCVnWK+HhF8VZR2jRxehM16QcVOdHqPn4VPHmRK4lSr38n9JriurInLcP90xsYNfQ==",
            "requires": {
                "has-tostringtag": "^1.0.0"
            }
        },
        "is-extglob": {
            "version": "2.1.1",
            "resolved": "https://registry.npmjs.org/is-extglob/-/is-extglob-2.1.1.tgz",
            "integrity": "sha1-qIwCU1eR8C7TfHahueqXc8gz+MI=",
            "dev": true
        },
        "is-glob": {
            "version": "4.0.3",
            "resolved": "https://registry.npmjs.org/is-glob/-/is-glob-4.0.3.tgz",
            "integrity": "sha512-xelSayHH36ZgE7ZWhli7pW34hNbNl8Ojv5KVmkJD4hBdD3th8Tfk9vYasLM+mXWOZhFkgZfxhLSnrwRr4elSSg==",
            "dev": true,
            "requires": {
                "is-extglob": "^2.1.1"
            }
        },
        "is-number": {
            "version": "7.0.0",
            "resolved": "https://registry.npmjs.org/is-number/-/is-number-7.0.0.tgz",
            "integrity": "sha512-41Cifkg6e8TylSpdtTpeLVMqvSBEVzTttHvERD741+pnZ8ANv0004MRL43QKPDlK9cGvNp6NZWZUBlbGXYxxng==",
            "dev": true
        },
        "is-regex": {
            "version": "1.1.4",
            "resolved": "https://registry.npmjs.org/is-regex/-/is-regex-1.1.4.tgz",
            "integrity": "sha512-kvRdxDsxZjhzUX07ZnLydzS1TU/TJlTUHHY4YLL87e37oUA49DfkLqgy+VjFocowy29cKvcSiu+kIv728jTTVg==",
            "requires": {
                "call-bind": "^1.0.2",
                "has-tostringtag": "^1.0.0"
            }
        },
        "json5": {
            "version": "2.2.0",
            "resolved": "https://registry.npmjs.org/json5/-/json5-2.2.0.tgz",
            "integrity": "sha512-f+8cldu7X/y7RAJurMEJmdoKXGB/X550w2Nr3tTbezL6RwEE/iMcm+tZnXeoZtKuOq6ft8+CqzEkrIgx1fPoQA==",
            "dev": true,
            "requires": {
                "minimist": "^1.2.5"
            }
        },
        "klona": {
            "version": "2.0.5",
            "resolved": "https://registry.npmjs.org/klona/-/klona-2.0.5.tgz",
            "integrity": "sha512-pJiBpiXMbt7dkzXe8Ghj/u4FfXOOa98fPW+bihOJ4SjnoijweJrNThJfd3ifXpXhREjpoF2mZVH1GfS9LV3kHQ==",
            "dev": true
        },
        "loader-utils": {
            "version": "1.4.0",
            "resolved": "https://registry.npmjs.org/loader-utils/-/loader-utils-1.4.0.tgz",
            "integrity": "sha512-qH0WSMBtn/oHuwjy/NucEgbx5dbxxnxup9s4PVXJUDHZBQY+s0NWA9rJf53RBnQZxfch7euUui7hpoAPvALZdA==",
            "dev": true,
            "requires": {
                "big.js": "^5.2.2",
                "emojis-list": "^3.0.0",
                "json5": "^1.0.1"
            },
            "dependencies": {
                "json5": {
                    "version": "1.0.1",
                    "resolved": "https://registry.npmjs.org/json5/-/json5-1.0.1.tgz",
                    "integrity": "sha512-aKS4WQjPenRxiQsC93MNfjx+nbF4PAdYzmd/1JIj8HYzqfbu86beTuNgXDzPknWk0n0uARlyewZo4s++ES36Ow==",
                    "dev": true,
                    "requires": {
                        "minimist": "^1.2.0"
                    }
                }
            }
        },
        "lodash": {
            "version": "4.17.21",
            "resolved": "https://registry.npmjs.org/lodash/-/lodash-4.17.21.tgz",
            "integrity": "sha512-v2kDEe57lecTulaDIuNTPy3Ry4gLGJ6Z1O3vE1krgXZNrsQ+LFTGHVxVjcXPs17LhbZVGedAJv8XZ1tvj5FvSg==",
            "dev": true
        },
        "merge-source-map": {
            "version": "1.1.0",
            "resolved": "https://registry.npmjs.org/merge-source-map/-/merge-source-map-1.1.0.tgz",
            "integrity": "sha512-Qkcp7P2ygktpMPh2mCQZaf3jhN6D3Z/qVZHSdWvQ+2Ef5HgRAPBO57A77+ENm0CPx2+1Ce/MYKi3ymqdfuqibw==",
            "dev": true,
            "requires": {
                "source-map": "^0.6.1"
            },
            "dependencies": {
                "source-map": {
                    "version": "0.6.1",
                    "resolved": "https://registry.npmjs.org/source-map/-/source-map-0.6.1.tgz",
                    "integrity": "sha512-UjgapumWlbMhkBgzT7Ykc5YXUT46F0iKu8SGXq0bcwP5dz/h0Plj6enJqjz1Zbq2l5WaqYnrVbwWOWMyF3F47g==",
                    "dev": true
                }
            }
        },
        "minimist": {
            "version": "1.2.5",
            "resolved": "https://registry.npmjs.org/minimist/-/minimist-1.2.5.tgz",
            "integrity": "sha512-FM9nNUYrRBAELZQT3xeZQ7fmMOBg6nWNmJKTcgsJeaLstP/UODVpGsr5OhXhhXg6f+qtJ8uiZ+PUxkDWcgIXLw==",
            "dev": true
        },
        "nanoid": {
            "version": "3.3.1",
            "resolved": "https://registry.npmjs.org/nanoid/-/nanoid-3.3.1.tgz",
            "integrity": "sha512-n6Vs/3KGyxPQd6uO0eH4Bv0ojGSUvuLlIHtC3Y0kEO23YRge8H9x1GCzLn28YX0H66pMkxuaeESFq4tKISKwdw==",
            "dev": true
        },
        "neo-async": {
            "version": "2.6.2",
            "resolved": "https://registry.npmjs.org/neo-async/-/neo-async-2.6.2.tgz",
            "integrity": "sha512-Yd3UES5mWCSqR+qNT93S3UoYUkqAZ9lLg8a7g9rimsWmYGK8cVToA4/sF3RrshdyV3sAGMXVUmpMYOw+dLpOuw==",
            "dev": true
        },
        "normalize-path": {
            "version": "3.0.0",
            "resolved": "https://registry.npmjs.org/normalize-path/-/normalize-path-3.0.0.tgz",
            "integrity": "sha512-6eZs5Ls3WtCisHWp9S2GUy8dqkpGi4BVSz3GaqiE6ezub0512ESztXUwUB6C6IKbQkY2Pnb/mD4WYojCRwcwLA==",
            "dev": true
        },
        "object-is": {
            "version": "1.1.5",
            "resolved": "https://registry.npmjs.org/object-is/-/object-is-1.1.5.tgz",
            "integrity": "sha512-3cyDsyHgtmi7I7DfSSI2LDp6SK2lwvtbg0p0R1e0RvTqF5ceGx+K2dfSjm1bKDMVCFEDAQvy+o8c6a7VujOddw==",
            "requires": {
                "call-bind": "^1.0.2",
                "define-properties": "^1.1.3"
            }
        },
        "object-keys": {
            "version": "1.1.1",
            "resolved": "https://registry.npmjs.org/object-keys/-/object-keys-1.1.1.tgz",
            "integrity": "sha512-NuAESUOUMrlIXOfHKzD6bpPu3tYt3xvjNdRIQ+FeT0lNb4K8WR70CaDxhuNguS2XG+GjkyMwOzsN5ZktImfhLA=="
        },
        "parchment": {
            "version": "1.1.4",
            "resolved": "https://registry.npmjs.org/parchment/-/parchment-1.1.4.tgz",
            "integrity": "sha512-J5FBQt/pM2inLzg4hEWmzQx/8h8D0CiDxaG3vyp9rKrQRSDgBlhjdP5jQGgosEajXPSQouXGHOmVdgo7QmJuOg=="
        },
        "picocolors": {
            "version": "1.0.0",
            "resolved": "https://registry.npmjs.org/picocolors/-/picocolors-1.0.0.tgz",
            "integrity": "sha512-1fygroTLlHu66zi26VoTDv8yRgm0Fccecssto+MhsZ0D/DGW2sm8E8AjW7NU5VVTRt5GxbeZ5qBuJr+HyLYkjQ==",
            "dev": true
        },
        "picomatch": {
            "version": "2.3.1",
            "resolved": "https://registry.npmjs.org/picomatch/-/picomatch-2.3.1.tgz",
            "integrity": "sha512-JU3teHTNjmE2VCGFzuY8EXzCDVwEqB2a8fsIvwaStHhAWJEeVd1o1QD80CU6+ZdEXXSLbSsuLwJjkCBWqRQUVA==",
            "dev": true
        },
        "postcss": {
            "version": "8.4.12",
            "resolved": "https://registry.npmjs.org/postcss/-/postcss-8.4.12.tgz",
            "integrity": "sha512-lg6eITwYe9v6Hr5CncVbK70SoioNQIq81nsaG86ev5hAidQvmOeETBqs7jm43K2F5/Ley3ytDtriImV6TpNiSg==",
            "dev": true,
            "requires": {
                "nanoid": "^3.3.1",
                "picocolors": "^1.0.0",
                "source-map-js": "^1.0.2"
            }
        },
        "postcss-selector-parser": {
            "version": "6.0.9",
            "resolved": "https://registry.npmjs.org/postcss-selector-parser/-/postcss-selector-parser-6.0.9.tgz",
            "integrity": "sha512-UO3SgnZOVTwu4kyLR22UQ1xZh086RyNZppb7lLAKBFK8a32ttG5i87Y/P3+2bRSjZNyJ1B7hfFNo273tKe9YxQ==",
            "dev": true,
            "requires": {
                "cssesc": "^3.0.0",
                "util-deprecate": "^1.0.2"
            }
        },
        "prettier": {
            "version": "2.6.0",
            "resolved": "https://registry.npmjs.org/prettier/-/prettier-2.6.0.tgz",
            "integrity": "sha512-m2FgJibYrBGGgQXNzfd0PuDGShJgRavjUoRCw1mZERIWVSXF0iLzLm+aOqTAbLnC3n6JzUhAA8uZnFVghHJ86A==",
            "dev": true,
            "optional": true
        },
        "pseudomap": {
            "version": "1.0.2",
            "resolved": "https://registry.npmjs.org/pseudomap/-/pseudomap-1.0.2.tgz",
            "integrity": "sha1-8FKijacOYYkX7wqKw0wa5aaChrM=",
            "dev": true
        },
        "quill": {
            "version": "1.3.7",
            "resolved": "https://registry.npmjs.org/quill/-/quill-1.3.7.tgz",
            "integrity": "sha512-hG/DVzh/TiknWtE6QmWAF/pxoZKYxfe3J/d/+ShUWkDvvkZQVTPeVmUJVu1uE6DDooC4fWTiCLh84ul89oNz5g==",
            "requires": {
                "clone": "^2.1.1",
                "deep-equal": "^1.0.1",
                "eventemitter3": "^2.0.3",
                "extend": "^3.0.2",
                "parchment": "^1.1.4",
                "quill-delta": "^3.6.2"
            },
            "dependencies": {
                "eventemitter3": {
                    "version": "2.0.3",
                    "resolved": "https://registry.npmjs.org/eventemitter3/-/eventemitter3-2.0.3.tgz",
                    "integrity": "sha1-teEHm1n7XhuidxwKmTvgYKWMmbo="
                }
            }
        },
        "quill-delta": {
            "version": "3.6.3",
            "resolved": "https://registry.npmjs.org/quill-delta/-/quill-delta-3.6.3.tgz",
            "integrity": "sha512-wdIGBlcX13tCHOXGMVnnTVFtGRLoP0imqxM696fIPwIf5ODIYUHIvHbZcyvGlZFiFhK5XzDC2lpjbxRhnM05Tg==",
            "requires": {
                "deep-equal": "^1.0.1",
                "extend": "^3.0.2",
                "fast-diff": "1.1.2"
            }
        },
        "readdirp": {
            "version": "3.6.0",
            "resolved": "https://registry.npmjs.org/readdirp/-/readdirp-3.6.0.tgz",
            "integrity": "sha512-hOS089on8RduqdbhvQ5Z37A0ESjsqz6qnRcffsMU3495FuTdqSm+7bhJ29JvIOsBDEEnan5DPu9t3To9VRlMzA==",
            "dev": true,
            "requires": {
                "picomatch": "^2.2.1"
            }
        },
        "regex-parser": {
            "version": "2.2.11",
            "resolved": "https://registry.npmjs.org/regex-parser/-/regex-parser-2.2.11.tgz",
            "integrity": "sha512-jbD/FT0+9MBU2XAZluI7w2OBs1RBi6p9M83nkoZayQXXU9e8Robt69FcZc7wU4eJD/YFTjn1JdCk3rbMJajz8Q==",
            "dev": true
        },
        "regexp.prototype.flags": {
            "version": "1.4.1",
            "resolved": "https://registry.npmjs.org/regexp.prototype.flags/-/regexp.prototype.flags-1.4.1.tgz",
            "integrity": "sha512-pMR7hBVUUGI7PMA37m2ofIdQCsomVnas+Jn5UPGAHQ+/LlwKm/aTLJHdasmHRzlfeZwHiAOaRSo2rbBDm3nNUQ==",
            "requires": {
                "call-bind": "^1.0.2",
                "define-properties": "^1.1.3"
            }
        },
        "resolve-url-loader": {
            "version": "5.0.0",
            "resolved": "https://registry.npmjs.org/resolve-url-loader/-/resolve-url-loader-5.0.0.tgz",
            "integrity": "sha512-uZtduh8/8srhBoMx//5bwqjQ+rfYOUq8zC9NrMUGtjBiGTtFJM42s58/36+hTqeqINcnYe08Nj3LkK9lW4N8Xg==",
            "dev": true,
            "requires": {
                "adjust-sourcemap-loader": "^4.0.0",
                "convert-source-map": "^1.7.0",
                "loader-utils": "^2.0.0",
                "postcss": "^8.2.14",
                "source-map": "0.6.1"
            },
            "dependencies": {
                "loader-utils": {
                    "version": "2.0.2",
                    "resolved": "https://registry.npmjs.org/loader-utils/-/loader-utils-2.0.2.tgz",
                    "integrity": "sha512-TM57VeHptv569d/GKh6TAYdzKblwDNiumOdkFnejjD0XwTH87K90w3O7AiJRqdQoXygvi1VQTJTLGhJl7WqA7A==",
                    "dev": true,
                    "requires": {
                        "big.js": "^5.2.2",
                        "emojis-list": "^3.0.0",
                        "json5": "^2.1.2"
                    }
                },
                "source-map": {
                    "version": "0.6.1",
                    "resolved": "https://registry.npmjs.org/source-map/-/source-map-0.6.1.tgz",
                    "integrity": "sha512-UjgapumWlbMhkBgzT7Ykc5YXUT46F0iKu8SGXq0bcwP5dz/h0Plj6enJqjz1Zbq2l5WaqYnrVbwWOWMyF3F47g==",
                    "dev": true
                }
            }
        },
        "safe-buffer": {
            "version": "5.1.2",
            "resolved": "https://registry.npmjs.org/safe-buffer/-/safe-buffer-5.1.2.tgz",
            "integrity": "sha512-Gd2UZBJDkXlY7GbJxfsE8/nvKkUEU1G38c1siN6QP6a9PT9MmHB8GnpscSmMJSoF8LOIrt8ud/wPtojys4G6+g==",
            "dev": true
        },
        "sass": {
            "version": "1.49.9",
            "resolved": "https://registry.npmjs.org/sass/-/sass-1.49.9.tgz",
            "integrity": "sha512-YlYWkkHP9fbwaFRZQRXgDi3mXZShslVmmo+FVK3kHLUELHHEYrCmL1x6IUjC7wLS6VuJSAFXRQS/DxdsC4xL1A==",
            "dev": true,
            "requires": {
                "chokidar": ">=3.0.0 <4.0.0",
                "immutable": "^4.0.0",
                "source-map-js": ">=0.6.2 <2.0.0"
            }
        },
        "sass-loader": {
            "version": "11.1.1",
            "resolved": "https://registry.npmjs.org/sass-loader/-/sass-loader-11.1.1.tgz",
            "integrity": "sha512-fOCp/zLmj1V1WHDZbUbPgrZhA7HKXHEqkslzB+05U5K9SbSbcmH91C7QLW31AsXikxUMaxXRhhcqWZAxUMLDyA==",
            "dev": true,
            "requires": {
                "klona": "^2.0.4",
                "neo-async": "^2.6.2"
            }
        },
        "source-map-js": {
            "version": "1.0.2",
            "resolved": "https://registry.npmjs.org/source-map-js/-/source-map-js-1.0.2.tgz",
            "integrity": "sha512-R0XvVJ9WusLiqTCEiGCmICCMplcCkIwwR11mOSD9CR5u+IXYdiseeEuXCVAjS54zqwkLcPNnmU4OeJ6tUrWhDw==",
            "dev": true
        },
        "sweetalert2": {
            "version": "8.19.0",
            "resolved": "https://registry.npmjs.org/sweetalert2/-/sweetalert2-8.19.0.tgz",
            "integrity": "sha512-nFL++N3bitkEkd487Tv4i5ZxusmnoAAXHjtk7lp603Opxb8wlvVnz3hqa7qiIw6QFL04JC810E6qVQNf8s0vYQ=="
        },
        "to-regex-range": {
            "version": "5.0.1",
            "resolved": "https://registry.npmjs.org/to-regex-range/-/to-regex-range-5.0.1.tgz",
            "integrity": "sha512-65P7iz6X5yEr1cwcgvQxbbIw7Uk3gOy5dIdtZ4rDveLqhrdJP+Li/Hx6tyK0NEb+2GCyneCMJiGqrADCSNk8sQ==",
            "dev": true,
            "requires": {
                "is-number": "^7.0.0"
            }
        },
        "util-deprecate": {
            "version": "1.0.2",
            "resolved": "https://registry.npmjs.org/util-deprecate/-/util-deprecate-1.0.2.tgz",
            "integrity": "sha1-RQ1Nyfpw3nMnYvvS1KKJgUGaDM8=",
            "dev": true
        },
        "vee-validate": {
            "version": "3.4.14",
            "resolved": "https://registry.npmjs.org/vee-validate/-/vee-validate-3.4.14.tgz",
            "integrity": "sha512-Hqqic8G9WcRSIzCxiCPqMZv4qB8JE1lIQqIOLDm2K5BXUiL8d4a2+kqkanv8gQSGDzYpnCQZ7BO/T99Aj05T1Q=="
        },
        "vue": {
            "version": "2.6.14",
            "resolved": "https://registry.npmjs.org/vue/-/vue-2.6.14.tgz",
            "integrity": "sha512-x2284lgYvjOMj3Za7kqzRcUSxBboHqtgRE2zlos1qWaOye5yUmHn42LB1250NJBLRwEcdrB0JRwyPTEPhfQjiQ=="
        },
        "vue-hot-reload-api": {
            "version": "2.3.4",
            "resolved": "https://registry.npmjs.org/vue-hot-reload-api/-/vue-hot-reload-api-2.3.4.tgz",
            "integrity": "sha512-BXq3jwIagosjgNVae6tkHzzIk6a8MHFtzAdwhnV5VlvPTFxDCvIttgSiHWjdGoTJvXtmRu5HacExfdarRcFhog==",
            "dev": true
        },
        "vue-loader": {
            "version": "15.9.8",
            "resolved": "https://registry.npmjs.org/vue-loader/-/vue-loader-15.9.8.tgz",
            "integrity": "sha512-GwSkxPrihfLR69/dSV3+5CdMQ0D+jXg8Ma1S4nQXKJAznYFX14vHdc/NetQc34Dw+rBbIJyP7JOuVb9Fhprvog==",
            "dev": true,
            "requires": {
                "@vue/component-compiler-utils": "^3.1.0",
                "hash-sum": "^1.0.2",
                "loader-utils": "^1.1.0",
                "vue-hot-reload-api": "^2.3.0",
                "vue-style-loader": "^4.1.0"
            }
        },
        "vue-simple-alert": {
            "version": "1.1.1",
            "resolved": "https://registry.npmjs.org/vue-simple-alert/-/vue-simple-alert-1.1.1.tgz",
            "integrity": "sha512-iyQorOyO9Ar+bgvvyshQtkgvXTocR3hu0D1PD6R9mEJ1M3JWvjFg5UoL5rIqmqhkfMg6lzwMW9Bu6iwHUdcqig==",
            "requires": {
                "sweetalert2": "^8.18.6"
            }
        },
        "vue-style-loader": {
            "version": "4.1.3",
            "resolved": "https://registry.npmjs.org/vue-style-loader/-/vue-style-loader-4.1.3.tgz",
            "integrity": "sha512-sFuh0xfbtpRlKfm39ss/ikqs9AbKCoXZBpHeVZ8Tx650o0k0q/YCM7FRvigtxpACezfq6af+a7JeqVTWvncqDg==",
            "dev": true,
            "requires": {
                "hash-sum": "^1.0.2",
                "loader-utils": "^1.0.2"
            }
        },
        "vue-template-compiler": {
            "version": "2.6.14",
            "resolved": "https://registry.npmjs.org/vue-template-compiler/-/vue-template-compiler-2.6.14.tgz",
            "integrity": "sha512-ODQS1SyMbjKoO1JBJZojSw6FE4qnh9rIpUZn2EUT86FKizx9uH5z6uXiIrm4/Nb/gwxTi/o17ZDEGWAXHvtC7g==",
            "dev": true,
            "requires": {
                "de-indent": "^1.0.2",
                "he": "^1.1.0"
            }
        },
        "vue-template-es2015-compiler": {
            "version": "1.9.1",
            "resolved": "https://registry.npmjs.org/vue-template-es2015-compiler/-/vue-template-es2015-compiler-1.9.1.tgz",
            "integrity": "sha512-4gDntzrifFnCEvyoO8PqyJDmguXgVPxKiIxrBKjIowvL9l+N66196+72XVYR8BBf1Uv1Fgt3bGevJ+sEmxfZzw==",
            "dev": true
        },
        "vue2-editor": {
            "version": "2.10.3",
            "resolved": "https://registry.npmjs.org/vue2-editor/-/vue2-editor-2.10.3.tgz",
            "integrity": "sha512-99rWL93xfGeFRrq8NY5L7U+Cog/Uenx+UOOJragtxtbhBE9Rv5/C3P/YhJhjMECSbQyHFjUriqv1S3mghvU9Kg==",
            "requires": {
                "quill": "^1.3.6"
            }
        }
    }
}
